
Microsoft Visual Studio Solution File, Format Version 12.00
# Visual Studio Version 17
VisualStudioVersion = 17.5.33530.505
MinimumVisualStudioVersion = 10.0.40219.1
Project("{FAE04EC0-301F-11D3-BF4B-00C04F79EFBC}") = "Command.Example1", "Command.Example1.csproj", "{46E8F22F-91F4-4EBA-A363-651C35382FFA}"
EndProject
Project("{FAE04EC0-301F-11D3-BF4B-00C04F79EFBC}") = "Command.Example2", "..\Command.Example2\Command.Example2.csproj", "{805597FF-741C-496C-92C1-C57D63B5F749}"
EndProject
Global
	GlobalSection(SolutionConfigurationPlatforms) = preSolution
		Debug|Any CPU = Debug|Any CPU
		Release|Any CPU = Release|Any CPU
	EndGlobalSection
	GlobalSection(ProjectConfigurationPlatforms) = postSolution
		{46E8F22F-91F4-4EBA-A363-651C35382FFA}.Debug|Any CPU.ActiveCfg = Debug|Any CPU
		{46E8F22F-91F4-4EBA-A363-651C35382FFA}.Debug|Any CPU.Build.0 = Debug|Any CPU
		{46E8F22F-91F4-4EBA-A363-651C35382FFA}.Release|Any CPU.ActiveCfg = Release|Any CPU
		{46E8F22F-91F4-4EBA-A363-651C35382FFA}.Release|Any CPU.Build.0 = Release|Any CPU
		{805597FF-741C-496C-92C1-C57D63B5F749}.Debug|Any CPU.ActiveCfg = Debug|Any CPU
		{805597FF-741C-496C-92C1-C57D63B5F749}.Debug|Any CPU.Build.0 = Debug|Any CPU
		{805597FF-741C-496C-92C1-C57D63B5F749}.Release|Any CPU.ActiveCfg = Release|Any CPU
		{805597FF-741C-496C-92C1-C57D63B5F749}.Release|Any CPU.Build.0 = Release|Any CPU
	EndGlobalSection
	GlobalSection(SolutionProperties) = preSolution
		HideSolutionNode = FALSE
	EndGlobalSection
	GlobalSection(ExtensibilityGlobals) = postSolution
		SolutionGuid = {1F65746F-A8A1-4E15-977C-0562695684A9}
	EndGlobalSection
EndGlobal
