
Microsoft Visual Studio Solution File, Format Version 12.00
# Visual Studio Version 17
VisualStudioVersion = 17.5.33530.505
MinimumVisualStudioVersion = 10.0.40219.1
Project("{FAE04EC0-301F-11D3-BF4B-00C04F79EFBC}") = "Prototype.Example1", "Prototype.Example1.csproj", "{7E945657-AC86-4748-879B-AE5516D5A84F}"
EndProject
Project("{FAE04EC0-301F-11D3-BF4B-00C04F79EFBC}") = "Prototype.RealExample", "..\Prototype.RealExample\Prototype.RealExample.csproj", "{14318BBC-F5BB-4B24-94DB-FABFC15FD45E}"
EndProject
Global
	GlobalSection(SolutionConfigurationPlatforms) = preSolution
		Debug|Any CPU = Debug|Any CPU
		Release|Any CPU = Release|Any CPU
	EndGlobalSection
	GlobalSection(ProjectConfigurationPlatforms) = postSolution
		{7E945657-AC86-4748-879B-AE5516D5A84F}.Debug|Any CPU.ActiveCfg = Debug|Any CPU
		{7E945657-AC86-4748-879B-AE5516D5A84F}.Debug|Any CPU.Build.0 = Debug|Any CPU
		{7E945657-AC86-4748-879B-AE5516D5A84F}.Release|Any CPU.ActiveCfg = Release|Any CPU
		{7E945657-AC86-4748-879B-AE5516D5A84F}.Release|Any CPU.Build.0 = Release|Any CPU
		{14318BBC-F5BB-4B24-94DB-FABFC15FD45E}.Debug|Any CPU.ActiveCfg = Debug|Any CPU
		{14318BBC-F5BB-4B24-94DB-FABFC15FD45E}.Debug|Any CPU.Build.0 = Debug|Any CPU
		{14318BBC-F5BB-4B24-94DB-FABFC15FD45E}.Release|Any CPU.ActiveCfg = Release|Any CPU
		{14318BBC-F5BB-4B24-94DB-FABFC15FD45E}.Release|Any CPU.Build.0 = Release|Any CPU
	EndGlobalSection
	GlobalSection(SolutionProperties) = preSolution
		HideSolutionNode = FALSE
	EndGlobalSection
	GlobalSection(ExtensibilityGlobals) = postSolution
		SolutionGuid = {487613B3-2C6A-4055-A1BF-2C2225E33A5E}
	EndGlobalSection
EndGlobal
