
Microsoft Visual Studio Solution File, Format Version 12.00
# Visual Studio Version 17
VisualStudioVersion = 17.5.33530.505
MinimumVisualStudioVersion = 10.0.40219.1
Project("{FAE04EC0-301F-11D3-BF4B-00C04F79EFBC}") = "Iterator.Example1", "Iterator.Example1.csproj", "{6C26664B-CD54-4177-8CA1-413B32A8D3AF}"
EndProject
Project("{FAE04EC0-301F-11D3-BF4B-00C04F79EFBC}") = "Iterator.Example2", "..\iterator.Example2\Iterator.Example2.csproj", "{E6D9E71E-B3C8-47F2-B2EA-21DB7A965B40}"
EndProject
Global
	GlobalSection(SolutionConfigurationPlatforms) = preSolution
		Debug|Any CPU = Debug|Any CPU
		Release|Any CPU = Release|Any CPU
	EndGlobalSection
	GlobalSection(ProjectConfigurationPlatforms) = postSolution
		{6C26664B-CD54-4177-8CA1-413B32A8D3AF}.Debug|Any CPU.ActiveCfg = Debug|Any CPU
		{6C26664B-CD54-4177-8CA1-413B32A8D3AF}.Debug|Any CPU.Build.0 = Debug|Any CPU
		{6C26664B-CD54-4177-8CA1-413B32A8D3AF}.Release|Any CPU.ActiveCfg = Release|Any CPU
		{6C26664B-CD54-4177-8CA1-413B32A8D3AF}.Release|Any CPU.Build.0 = Release|Any CPU
		{E6D9E71E-B3C8-47F2-B2EA-21DB7A965B40}.Debug|Any CPU.ActiveCfg = Debug|Any CPU
		{E6D9E71E-B3C8-47F2-B2EA-21DB7A965B40}.Debug|Any CPU.Build.0 = Debug|Any CPU
		{E6D9E71E-B3C8-47F2-B2EA-21DB7A965B40}.Release|Any CPU.ActiveCfg = Release|Any CPU
		{E6D9E71E-B3C8-47F2-B2EA-21DB7A965B40}.Release|Any CPU.Build.0 = Release|Any CPU
	EndGlobalSection
	GlobalSection(SolutionProperties) = preSolution
		HideSolutionNode = FALSE
	EndGlobalSection
	GlobalSection(ExtensibilityGlobals) = postSolution
		SolutionGuid = {A234ADD9-5E02-4714-B8FB-417E23DDFB37}
	EndGlobalSection
EndGlobal
