
Microsoft Visual Studio Solution File, Format Version 12.00
# Visual Studio Version 17
VisualStudioVersion = 17.5.33530.505
MinimumVisualStudioVersion = 10.0.40219.1
Project("{9A19103F-16F7-4668-BE54-9A1E7A4F7556}") = "Facade.Example1", "Facade.Example1.csproj", "{453A7C6F-90BD-477D-9D1B-D71475BE8494}"
EndProject
Project("{FAE04EC0-301F-11D3-BF4B-00C04F79EFBC}") = "Facade.Example2", "..\Facade.Example2\Facade.Example2.csproj", "{A84245EE-8E5C-4D7C-9776-AFA334649F8B}"
EndProject
Global
	GlobalSection(SolutionConfigurationPlatforms) = preSolution
		Debug|Any CPU = Debug|Any CPU
		Release|Any CPU = Release|Any CPU
	EndGlobalSection
	GlobalSection(ProjectConfigurationPlatforms) = postSolution
		{453A7C6F-90BD-477D-9D1B-D71475BE8494}.Debug|Any CPU.ActiveCfg = Debug|Any CPU
		{453A7C6F-90BD-477D-9D1B-D71475BE8494}.Debug|Any CPU.Build.0 = Debug|Any CPU
		{453A7C6F-90BD-477D-9D1B-D71475BE8494}.Release|Any CPU.ActiveCfg = Release|Any CPU
		{453A7C6F-90BD-477D-9D1B-D71475BE8494}.Release|Any CPU.Build.0 = Release|Any CPU
		{A84245EE-8E5C-4D7C-9776-AFA334649F8B}.Debug|Any CPU.ActiveCfg = Debug|Any CPU
		{A84245EE-8E5C-4D7C-9776-AFA334649F8B}.Debug|Any CPU.Build.0 = Debug|Any CPU
		{A84245EE-8E5C-4D7C-9776-AFA334649F8B}.Release|Any CPU.ActiveCfg = Release|Any CPU
		{A84245EE-8E5C-4D7C-9776-AFA334649F8B}.Release|Any CPU.Build.0 = Release|Any CPU
	EndGlobalSection
	GlobalSection(SolutionProperties) = preSolution
		HideSolutionNode = FALSE
	EndGlobalSection
	GlobalSection(ExtensibilityGlobals) = postSolution
		SolutionGuid = {8284A1C5-7412-4BA0-BB3B-EA52C15E82DA}
	EndGlobalSection
EndGlobal
